
Microsoft Visual Studio Solution File, Format Version 12.00
# Visual Studio Version 16
VisualStudioVersion = 16.0.30503.244
MinimumVisualStudioVersion = 10.0.40219.1
Project("{FAE04EC0-301F-11D3-BF4B-00C04F79EFBC}") = "UC3", "UC3\UC3.csproj", "{876957D0-17E9-4BA9-832E-086A54552DC2}"
EndProject
Global
	GlobalSection(SolutionConfigurationPlatforms) = preSolution
		Debug|Any CPU = Debug|Any CPU
		Release|Any CPU = Release|Any CPU
	EndGlobalSection
	GlobalSection(ProjectConfigurationPlatforms) = postSolution
		{876957D0-17E9-4BA9-832E-086A54552DC2}.Debug|Any CPU.ActiveCfg = Debug|Any CPU
		{876957D0-17E9-4BA9-832E-086A54552DC2}.Debug|Any CPU.Build.0 = Debug|Any CPU
		{876957D0-17E9-4BA9-832E-086A54552DC2}.Release|Any CPU.ActiveCfg = Release|Any CPU
		{876957D0-17E9-4BA9-832E-086A54552DC2}.Release|Any CPU.Build.0 = Release|Any CPU
	EndGlobalSection
	GlobalSection(SolutionProperties) = preSolution
		HideSolutionNode = FALSE
	EndGlobalSection
	GlobalSection(ExtensibilityGlobals) = postSolution
		SolutionGuid = {A838A779-5539-415C-A4AF-A26AF8BDBE11}
	EndGlobalSection
EndGlobal
