
Microsoft Visual Studio Solution File, Format Version 12.00
# Visual Studio Version 16
VisualStudioVersion = 16.0.30503.244
MinimumVisualStudioVersion = 10.0.40219.1
Project("{FAE04EC0-301F-11D3-BF4B-00C04F79EFBC}") = "UC4", "UC4\UC4.csproj", "{28012231-7F48-4D44-8E52-D5D60894872B}"
EndProject
Global
	GlobalSection(SolutionConfigurationPlatforms) = preSolution
		Debug|Any CPU = Debug|Any CPU
		Release|Any CPU = Release|Any CPU
	EndGlobalSection
	GlobalSection(ProjectConfigurationPlatforms) = postSolution
		{28012231-7F48-4D44-8E52-D5D60894872B}.Debug|Any CPU.ActiveCfg = Debug|Any CPU
		{28012231-7F48-4D44-8E52-D5D60894872B}.Debug|Any CPU.Build.0 = Debug|Any CPU
		{28012231-7F48-4D44-8E52-D5D60894872B}.Release|Any CPU.ActiveCfg = Release|Any CPU
		{28012231-7F48-4D44-8E52-D5D60894872B}.Release|Any CPU.Build.0 = Release|Any CPU
	EndGlobalSection
	GlobalSection(SolutionProperties) = preSolution
		HideSolutionNode = FALSE
	EndGlobalSection
	GlobalSection(ExtensibilityGlobals) = postSolution
		SolutionGuid = {6133E2DA-674E-46ED-8903-6C729D93440A}
	EndGlobalSection
EndGlobal
